
Microsoft Visual Studio Solution File, Format Version 12.00
# Visual Studio Version 16
VisualStudioVersion = 16.0.30907.101
MinimumVisualStudioVersion = 10.0.40219.1
Project("{9A19103F-16F7-4668-BE54-9A1E7A4F7556}") = "KampIntro", "KampIntro\KampIntro.csproj", "{0C522B86-266B-4E00-800F-DDF6503C0BE6}"
EndProject
Project("{9A19103F-16F7-4668-BE54-9A1E7A4F7556}") = "Donguler", "Donguler\Donguler.csproj", "{8E7B47EA-DED3-441C-AE19-80D0E9CDCA2B}"
EndProject
Project("{9A19103F-16F7-4668-BE54-9A1E7A4F7556}") = "ClassIntro", "ClassIntro\ClassIntro.csproj", "{F52D89DF-3F05-4BA4-820F-986EB5CE7CC1}"
EndProject
Project("{9A19103F-16F7-4668-BE54-9A1E7A4F7556}") = "Metotlar", "Metotlar\Metotlar.csproj", "{74EFC8DF-0FD7-4CD1-997D-04EC52ABA78C}"
EndProject
Project("{9A19103F-16F7-4668-BE54-9A1E7A4F7556}") = "Matematik", "Matematik\Matematik.csproj", "{EFE45D3B-C329-4DBF-B71E-6897565FE65B}"
EndProject
Project("{9A19103F-16F7-4668-BE54-9A1E7A4F7556}") = "DegerVeReferansTipler", "DegerVeReferansTipler\DegerVeReferansTipler.csproj", "{615F1AC7-2175-4ED3-8B3B-5FF8DDC2DF45}"
EndProject
Project("{9A19103F-16F7-4668-BE54-9A1E7A4F7556}") = "OOP1", "OOP1\OOP1.csproj", "{F14C7B3B-B926-47F0-895C-927EFACA0369}"
EndProject
Project("{9A19103F-16F7-4668-BE54-9A1E7A4F7556}") = "Koleksiyonlar", "Koleksiyonlar\Koleksiyonlar.csproj", "{570529AE-4B35-4363-9E6F-51769F7DA7F5}"
EndProject
Project("{FAE04EC0-301F-11D3-BF4B-00C04F79EFBC}") = "GenericsIntro", "GenericsIntro\GenericsIntro.csproj", "{0A0733E9-5F28-41FC-8755-BBFB7074C038}"
EndProject
Global
	GlobalSection(SolutionConfigurationPlatforms) = preSolution
		Debug|Any CPU = Debug|Any CPU
		Release|Any CPU = Release|Any CPU
	EndGlobalSection
	GlobalSection(ProjectConfigurationPlatforms) = postSolution
		{0C522B86-266B-4E00-800F-DDF6503C0BE6}.Debug|Any CPU.ActiveCfg = Debug|Any CPU
		{0C522B86-266B-4E00-800F-DDF6503C0BE6}.Debug|Any CPU.Build.0 = Debug|Any CPU
		{0C522B86-266B-4E00-800F-DDF6503C0BE6}.Release|Any CPU.ActiveCfg = Release|Any CPU
		{0C522B86-266B-4E00-800F-DDF6503C0BE6}.Release|Any CPU.Build.0 = Release|Any CPU
		{8E7B47EA-DED3-441C-AE19-80D0E9CDCA2B}.Debug|Any CPU.ActiveCfg = Debug|Any CPU
		{8E7B47EA-DED3-441C-AE19-80D0E9CDCA2B}.Debug|Any CPU.Build.0 = Debug|Any CPU
		{8E7B47EA-DED3-441C-AE19-80D0E9CDCA2B}.Release|Any CPU.ActiveCfg = Release|Any CPU
		{8E7B47EA-DED3-441C-AE19-80D0E9CDCA2B}.Release|Any CPU.Build.0 = Release|Any CPU
		{F52D89DF-3F05-4BA4-820F-986EB5CE7CC1}.Debug|Any CPU.ActiveCfg = Debug|Any CPU
		{F52D89DF-3F05-4BA4-820F-986EB5CE7CC1}.Debug|Any CPU.Build.0 = Debug|Any CPU
		{F52D89DF-3F05-4BA4-820F-986EB5CE7CC1}.Release|Any CPU.ActiveCfg = Release|Any CPU
		{F52D89DF-3F05-4BA4-820F-986EB5CE7CC1}.Release|Any CPU.Build.0 = Release|Any CPU
		{74EFC8DF-0FD7-4CD1-997D-04EC52ABA78C}.Debug|Any CPU.ActiveCfg = Debug|Any CPU
		{74EFC8DF-0FD7-4CD1-997D-04EC52ABA78C}.Debug|Any CPU.Build.0 = Debug|Any CPU
		{74EFC8DF-0FD7-4CD1-997D-04EC52ABA78C}.Release|Any CPU.ActiveCfg = Release|Any CPU
		{74EFC8DF-0FD7-4CD1-997D-04EC52ABA78C}.Release|Any CPU.Build.0 = Release|Any CPU
		{EFE45D3B-C329-4DBF-B71E-6897565FE65B}.Debug|Any CPU.ActiveCfg = Debug|Any CPU
		{EFE45D3B-C329-4DBF-B71E-6897565FE65B}.Debug|Any CPU.Build.0 = Debug|Any CPU
		{EFE45D3B-C329-4DBF-B71E-6897565FE65B}.Release|Any CPU.ActiveCfg = Release|Any CPU
		{EFE45D3B-C329-4DBF-B71E-6897565FE65B}.Release|Any CPU.Build.0 = Release|Any CPU
		{615F1AC7-2175-4ED3-8B3B-5FF8DDC2DF45}.Debug|Any CPU.ActiveCfg = Debug|Any CPU
		{615F1AC7-2175-4ED3-8B3B-5FF8DDC2DF45}.Debug|Any CPU.Build.0 = Debug|Any CPU
		{615F1AC7-2175-4ED3-8B3B-5FF8DDC2DF45}.Release|Any CPU.ActiveCfg = Release|Any CPU
		{615F1AC7-2175-4ED3-8B3B-5FF8DDC2DF45}.Release|Any CPU.Build.0 = Release|Any CPU
		{F14C7B3B-B926-47F0-895C-927EFACA0369}.Debug|Any CPU.ActiveCfg = Debug|Any CPU
		{F14C7B3B-B926-47F0-895C-927EFACA0369}.Debug|Any CPU.Build.0 = Debug|Any CPU
		{F14C7B3B-B926-47F0-895C-927EFACA0369}.Release|Any CPU.ActiveCfg = Release|Any CPU
		{F14C7B3B-B926-47F0-895C-927EFACA0369}.Release|Any CPU.Build.0 = Release|Any CPU
		{570529AE-4B35-4363-9E6F-51769F7DA7F5}.Debug|Any CPU.ActiveCfg = Debug|Any CPU
		{570529AE-4B35-4363-9E6F-51769F7DA7F5}.Debug|Any CPU.Build.0 = Debug|Any CPU
		{570529AE-4B35-4363-9E6F-51769F7DA7F5}.Release|Any CPU.ActiveCfg = Release|Any CPU
		{570529AE-4B35-4363-9E6F-51769F7DA7F5}.Release|Any CPU.Build.0 = Release|Any CPU
		{0A0733E9-5F28-41FC-8755-BBFB7074C038}.Debug|Any CPU.ActiveCfg = Debug|Any CPU
		{0A0733E9-5F28-41FC-8755-BBFB7074C038}.Debug|Any CPU.Build.0 = Debug|Any CPU
		{0A0733E9-5F28-41FC-8755-BBFB7074C038}.Release|Any CPU.ActiveCfg = Release|Any CPU
		{0A0733E9-5F28-41FC-8755-BBFB7074C038}.Release|Any CPU.Build.0 = Release|Any CPU
	EndGlobalSection
	GlobalSection(SolutionProperties) = preSolution
		HideSolutionNode = FALSE
	EndGlobalSection
	GlobalSection(ExtensibilityGlobals) = postSolution
		SolutionGuid = {1EF6F662-E8C1-4CFC-8B4B-5AE24BE49578}
	EndGlobalSection
EndGlobal
